# This file is automatically @generated by Cargo.
# It is not intended for manual editing.
version = 3

[[package]]
name = "pervasives"
version = "0.1.0"
source = "git+https://github.com/rajatsharma/pervasives#407cf138151326bee8c43478395607af023fe030"

[[package]]
name = "snowmaker"
version = "0.1.0"
dependencies = [
 "pervasives",
]
